// !$*UTF8*$!
{
	archiveVersion = 1;
	classes = {
	};
	objectVersion = 46;
	objects = {

/* Begin PBXBuildFile section */
		9241596A17631AE6007DF36D /* UIKit.framework in Frameworks */ = {isa = PBXBuildFile; fileRef = 9241596917631AE6007DF36D /* UIKit.framework */; };
		9241596C17631AE6007DF36D /* Foundation.framework in Frameworks */ = {isa = PBXBuildFile; fileRef = 9241596B17631AE6007DF36D /* Foundation.framework */; };
		9241596E17631AE6007DF36D /* CoreGraphics.framework in Frameworks */ = {isa = PBXBuildFile; fileRef = 9241596D17631AE6007DF36D /* CoreGraphics.framework */; };
		9241597417631AE6007DF36D /* InfoPlist.strings in Resources */ = {isa = PBXBuildFile; fileRef = 9241597217631AE6007DF36D /* InfoPlist.strings */; };
		9241597617631AE6007DF36D /* main.m in Sources */ = {isa = PBXBuildFile; fileRef = 9241597517631AE6007DF36D /* main.m */; };
		9241597A17631AE6007DF36D /* AppDelegate.m in Sources */ = {isa = PBXBuildFile; fileRef = 9241597917631AE6007DF36D /* AppDelegate.m */; };
		9241597C17631AE6007DF36D /* Default.png in Resources */ = {isa = PBXBuildFile; fileRef = 9241597B17631AE6007DF36D /* Default.png */; };
		9241597E17631AE6007DF36D /* Default@2x.png in Resources */ = {isa = PBXBuildFile; fileRef = 9241597D17631AE6007DF36D /* Default@2x.png */; };
		9241598017631AE6007DF36D /* Default-568h@2x.png in Resources */ = {isa = PBXBuildFile; fileRef = 9241597F17631AE6007DF36D /* Default-568h@2x.png */; };
		9241598317631AE6007DF36D /* MainStoryboard.storyboard in Resources */ = {isa = PBXBuildFile; fileRef = 9241598117631AE6007DF36D /* MainStoryboard.storyboard */; };
		9241598617631AE6007DF36D /* ViewController.m in Sources */ = {isa = PBXBuildFile; fileRef = 9241598517631AE6007DF36D /* ViewController.m */; };
		9241598E17631AE7007DF36D /* SenTestingKit.framework in Frameworks */ = {isa = PBXBuildFile; fileRef = 9241598D17631AE7007DF36D /* SenTestingKit.framework */; };
		9241598F17631AE7007DF36D /* UIKit.framework in Frameworks */ = {isa = PBXBuildFile; fileRef = 9241596917631AE6007DF36D /* UIKit.framework */; };
		9241599017631AE7007DF36D /* Foundation.framework in Frameworks */ = {isa = PBXBuildFile; fileRef = 9241596B17631AE6007DF36D /* Foundation.framework */; };
		9241599817631AE7007DF36D /* InfoPlist.strings in Resources */ = {isa = PBXBuildFile; fileRef = 9241599617631AE7007DF36D /* InfoPlist.strings */; };
		9241599B17631AE7007DF36D /* VoteMePracticeTests.m in Sources */ = {isa = PBXBuildFile; fileRef = 9241599A17631AE7007DF36D /* VoteMePracticeTests.m */; };
		924159A617631B33007DF36D /* MainTableViewController.m in Sources */ = {isa = PBXBuildFile; fileRef = 924159A517631B33007DF36D /* MainTableViewController.m */; };
		924159A917631C2F007DF36D /* MainTableViewCell.m in Sources */ = {isa = PBXBuildFile; fileRef = 924159A817631C2F007DF36D /* MainTableViewCell.m */; };
		9291DDD11776B88B000DFE3B /* MainTableViewHeaderView.m in Sources */ = {isa = PBXBuildFile; fileRef = 9291DDD01776B88B000DFE3B /* MainTableViewHeaderView.m */; };
		9291DDD31776BEEF000DFE3B /* QuartzCore.framework in Frameworks */ = {isa = PBXBuildFile; fileRef = 9291DDD21776BEEF000DFE3B /* QuartzCore.framework */; };
		92DF338A1775677800FBB848 /* ResponseUIView.m in Sources */ = {isa = PBXBuildFile; fileRef = 92DF33891775677800FBB848 /* ResponseUIView.m */; };
/* End PBXBuildFile section */

/* Begin PBXContainerItemProxy section */
		9241599117631AE7007DF36D /* PBXContainerItemProxy */ = {
			isa = PBXContainerItemProxy;
			containerPortal = 9241595E17631AE6007DF36D /* Project object */;
			proxyType = 1;
			remoteGlobalIDString = 9241596517631AE6007DF36D;
			remoteInfo = VoteMePractice;
		};
/* End PBXContainerItemProxy section */

/* Begin PBXFileReference section */
		9241596617631AE6007DF36D /* VoteMePractice.app */ = {isa = PBXFileReference; explicitFileType = wrapper.application; includeInIndex = 0; path = VoteMePractice.app; sourceTree = BUILT_PRODUCTS_DIR; };
		9241596917631AE6007DF36D /* UIKit.framework */ = {isa = PBXFileReference; lastKnownFileType = wrapper.framework; name = UIKit.framework; path = System/Library/Frameworks/UIKit.framework; sourceTree = SDKROOT; };
		9241596B17631AE6007DF36D /* Foundation.framework */ = {isa = PBXFileReference; lastKnownFileType = wrapper.framework; name = Foundation.framework; path = System/Library/Frameworks/Foundation.framework; sourceTree = SDKROOT; };
		9241596D17631AE6007DF36D /* CoreGraphics.framework */ = {isa = PBXFileReference; lastKnownFileType = wrapper.framework; name = CoreGraphics.framework; path = System/Library/Frameworks/CoreGraphics.framework; sourceTree = SDKROOT; };
		9241597117631AE6007DF36D /* VoteMePractice-Info.plist */ = {isa = PBXFileReference; lastKnownFileType = text.plist.xml; path = "VoteMePractice-Info.plist"; sourceTree = "<group>"; };
		9241597317631AE6007DF36D /* en */ = {isa = PBXFileReference; lastKnownFileType = text.plist.strings; name = en; path = en.lproj/InfoPlist.strings; sourceTree = "<group>"; };
		9241597517631AE6007DF36D /* main.m */ = {isa = PBXFileReference; lastKnownFileType = sourcecode.c.objc; path = main.m; sourceTree = "<group>"; };
		9241597717631AE6007DF36D /* VoteMePractice-Prefix.pch */ = {isa = PBXFileReference; lastKnownFileType = sourcecode.c.h; path = "VoteMePractice-Prefix.pch"; sourceTree = "<group>"; };
		9241597817631AE6007DF36D /* AppDelegate.h */ = {isa = PBXFileReference; lastKnownFileType = sourcecode.c.h; path = AppDelegate.h; sourceTree = "<group>"; };
		9241597917631AE6007DF36D /* AppDelegate.m */ = {isa = PBXFileReference; lastKnownFileType = sourcecode.c.objc; path = AppDelegate.m; sourceTree = "<group>"; };
		9241597B17631AE6007DF36D /* Default.png */ = {isa = PBXFileReference; lastKnownFileType = image.png; path = Default.png; sourceTree = "<group>"; };
		9241597D17631AE6007DF36D /* Default@2x.png */ = {isa = PBXFileReference; lastKnownFileType = image.png; path = "Default@2x.png"; sourceTree = "<group>"; };
		9241597F17631AE6007DF36D /* Default-568h@2x.png */ = {isa = PBXFileReference; lastKnownFileType = image.png; path = "Default-568h@2x.png"; sourceTree = "<group>"; };
		9241598217631AE6007DF36D /* en */ = {isa = PBXFileReference; lastKnownFileType = file.storyboard; name = en; path = en.lproj/MainStoryboard.storyboard; sourceTree = "<group>"; };
		9241598417631AE6007DF36D /* ViewController.h */ = {isa = PBXFileReference; lastKnownFileType = sourcecode.c.h; path = ViewController.h; sourceTree = "<group>"; };
		9241598517631AE6007DF36D /* ViewController.m */ = {isa = PBXFileReference; lastKnownFileType = sourcecode.c.objc; path = ViewController.m; sourceTree = "<group>"; };
		9241598C17631AE7007DF36D /* VoteMePracticeTests.octest */ = {isa = PBXFileReference; explicitFileType = wrapper.cfbundle; includeInIndex = 0; path = VoteMePracticeTests.octest; sourceTree = BUILT_PRODUCTS_DIR; };
		9241598D17631AE7007DF36D /* SenTestingKit.framework */ = {isa = PBXFileReference; lastKnownFileType = wrapper.framework; name = SenTestingKit.framework; path = Library/Frameworks/SenTestingKit.framework; sourceTree = DEVELOPER_DIR; };
		9241599517631AE7007DF36D /* VoteMePracticeTests-Info.plist */ = {isa = PBXFileReference; lastKnownFileType = text.plist.xml; path = "VoteMePracticeTests-Info.plist"; sourceTree = "<group>"; };
		9241599717631AE7007DF36D /* en */ = {isa = PBXFileReference; lastKnownFileType = text.plist.strings; name = en; path = en.lproj/InfoPlist.strings; sourceTree = "<group>"; };
		9241599917631AE7007DF36D /* VoteMePracticeTests.h */ = {isa = PBXFileReference; lastKnownFileType = sourcecode.c.h; path = VoteMePracticeTests.h; sourceTree = "<group>"; };
		9241599A17631AE7007DF36D /* VoteMePracticeTests.m */ = {isa = PBXFileReference; lastKnownFileType = sourcecode.c.objc; path = VoteMePracticeTests.m; sourceTree = "<group>"; };
		924159A417631B33007DF36D /* MainTableViewController.h */ = {isa = PBXFileReference; fileEncoding = 4; lastKnownFileType = sourcecode.c.h; path = MainTableViewController.h; sourceTree = "<group>"; };
		924159A517631B33007DF36D /* MainTableViewController.m */ = {isa = PBXFileReference; fileEncoding = 4; lastKnownFileType = sourcecode.c.objc; path = MainTableViewController.m; sourceTree = "<group>"; };
		924159A717631C2F007DF36D /* MainTableViewCell.h */ = {isa = PBXFileReference; fileEncoding = 4; lastKnownFileType = sourcecode.c.h; path = MainTableViewCell.h; sourceTree = "<group>"; };
		924159A817631C2F007DF36D /* MainTableViewCell.m */ = {isa = PBXFileReference; fileEncoding = 4; lastKnownFileType = sourcecode.c.objc; path = MainTableViewCell.m; sourceTree = "<group>"; };
		9291DDCF1776B88B000DFE3B /* MainTableViewHeaderView.h */ = {isa = PBXFileReference; fileEncoding = 4; lastKnownFileType = sourcecode.c.h; path = MainTableViewHeaderView.h; sourceTree = "<group>"; };
		9291DDD01776B88B000DFE3B /* MainTableViewHeaderView.m */ = {isa = PBXFileReference; fileEncoding = 4; lastKnownFileType = sourcecode.c.objc; path = MainTableViewHeaderView.m; sourceTree = "<group>"; };
		9291DDD21776BEEF000DFE3B /* QuartzCore.framework */ = {isa = PBXFileReference; lastKnownFileType = wrapper.framework; name = QuartzCore.framework; path = System/Library/Frameworks/QuartzCore.framework; sourceTree = SDKROOT; };
		92DF33881775677800FBB848 /* ResponseUIView.h */ = {isa = PBXFileReference; fileEncoding = 4; lastKnownFileType = sourcecode.c.h; path = ResponseUIView.h; sourceTree = "<group>"; };
		92DF33891775677800FBB848 /* ResponseUIView.m */ = {isa = PBXFileReference; fileEncoding = 4; lastKnownFileType = sourcecode.c.objc; path = ResponseUIView.m; sourceTree = "<group>"; };
/* End PBXFileReference section */

/* Begin PBXFrameworksBuildPhase section */
		9241596317631AE6007DF36D /* Frameworks */ = {
			isa = PBXFrameworksBuildPhase;
			buildActionMask = 2147483647;
			files = (
				9291DDD31776BEEF000DFE3B /* QuartzCore.framework in Frameworks */,
				9241596A17631AE6007DF36D /* UIKit.framework in Frameworks */,
				9241596C17631AE6007DF36D /* Foundation.framework in Frameworks */,
				9241596E17631AE6007DF36D /* CoreGraphics.framework in Frameworks */,
			);
			runOnlyForDeploymentPostprocessing = 0;
		};
		9241598817631AE7007DF36D /* Frameworks */ = {
			isa = PBXFrameworksBuildPhase;
			buildActionMask = 2147483647;
			files = (
				9241598E17631AE7007DF36D /* SenTestingKit.framework in Frameworks */,
				9241598F17631AE7007DF36D /* UIKit.framework in Frameworks */,
				9241599017631AE7007DF36D /* Foundation.framework in Frameworks */,
			);
			runOnlyForDeploymentPostprocessing = 0;
		};
/* End PBXFrameworksBuildPhase section */

/* Begin PBXGroup section */
		9241595D17631AE6007DF36D = {
			isa = PBXGroup;
			children = (
				92DF33881775677800FBB848 /* ResponseUIView.h */,
				92DF33891775677800FBB848 /* ResponseUIView.m */,
				9241596F17631AE6007DF36D /* VoteMePractice */,
				9241599317631AE7007DF36D /* VoteMePracticeTests */,
				9241596817631AE6007DF36D /* Frameworks */,
				9241596717631AE6007DF36D /* Products */,
			);
			sourceTree = "<group>";
		};
		9241596717631AE6007DF36D /* Products */ = {
			isa = PBXGroup;
			children = (
				9241596617631AE6007DF36D /* VoteMePractice.app */,
				9241598C17631AE7007DF36D /* VoteMePracticeTests.octest */,
			);
			name = Products;
			sourceTree = "<group>";
		};
		9241596817631AE6007DF36D /* Frameworks */ = {
			isa = PBXGroup;
			children = (
				9291DDD21776BEEF000DFE3B /* QuartzCore.framework */,
				9241596917631AE6007DF36D /* UIKit.framework */,
				9241596B17631AE6007DF36D /* Foundation.framework */,
				9241596D17631AE6007DF36D /* CoreGraphics.framework */,
				9241598D17631AE7007DF36D /* SenTestingKit.framework */,
			);
			name = Frameworks;
			sourceTree = "<group>";
		};
		9241596F17631AE6007DF36D /* VoteMePractice */ = {
			isa = PBXGroup;
			children = (
				9241597817631AE6007DF36D /* AppDelegate.h */,
				9241597917631AE6007DF36D /* AppDelegate.m */,
				9241598117631AE6007DF36D /* MainStoryboard.storyboard */,
				9241598417631AE6007DF36D /* ViewController.h */,
				924159A417631B33007DF36D /* MainTableViewController.h */,
				924159A517631B33007DF36D /* MainTableViewController.m */,
				9291DDCF1776B88B000DFE3B /* MainTableViewHeaderView.h */,
				9291DDD01776B88B000DFE3B /* MainTableViewHeaderView.m */,
				924159A717631C2F007DF36D /* MainTableViewCell.h */,
				924159A817631C2F007DF36D /* MainTableViewCell.m */,
				9241598517631AE6007DF36D /* ViewController.m */,
				9241597017631AE6007DF36D /* Supporting Files */,
			);
			path = VoteMePractice;
			sourceTree = "<group>";
		};
		9241597017631AE6007DF36D /* Supporting Files */ = {
			isa = PBXGroup;
			children = (
				9241597117631AE6007DF36D /* VoteMePractice-Info.plist */,
				9241597217631AE6007DF36D /* InfoPlist.strings */,
				9241597517631AE6007DF36D /* main.m */,
				9241597717631AE6007DF36D /* VoteMePractice-Prefix.pch */,
				9241597B17631AE6007DF36D /* Default.png */,
				9241597D17631AE6007DF36D /* Default@2x.png */,
				9241597F17631AE6007DF36D /* Default-568h@2x.png */,
			);
			name = "Supporting Files";
			sourceTree = "<group>";
		};
		9241599317631AE7007DF36D /* VoteMePracticeTests */ = {
			isa = PBXGroup;
			children = (
				9241599917631AE7007DF36D /* VoteMePracticeTests.h */,
				9241599A17631AE7007DF36D /* VoteMePracticeTests.m */,
				9241599417631AE7007DF36D /* Supporting Files */,
			);
			path = VoteMePracticeTests;
			sourceTree = "<group>";
		};
		9241599417631AE7007DF36D /* Supporting Files */ = {
			isa = PBXGroup;
			children = (
				9241599517631AE7007DF36D /* VoteMePracticeTests-Info.plist */,
				9241599617631AE7007DF36D /* InfoPlist.strings */,
			);
			name = "Supporting Files";
			sourceTree = "<group>";
		};
/* End PBXGroup section */

/* Begin PBXNativeTarget section */
		9241596517631AE6007DF36D /* VoteMePractice */ = {
			isa = PBXNativeTarget;
			buildConfigurationList = 9241599E17631AE7007DF36D /* Build configuration list for PBXNativeTarget "VoteMePractice" */;
			buildPhases = (
				9241596217631AE6007DF36D /* Sources */,
				9241596317631AE6007DF36D /* Frameworks */,
				9241596417631AE6007DF36D /* Resources */,
			);
			buildRules = (
			);
			dependencies = (
			);
			name = VoteMePractice;
			productName = VoteMePractice;
			productReference = 9241596617631AE6007DF36D /* VoteMePractice.app */;
			productType = "com.apple.product-type.application";
		};
		9241598B17631AE7007DF36D /* VoteMePracticeTests */ = {
			isa = PBXNativeTarget;
			buildConfigurationList = 924159A117631AE7007DF36D /* Build configuration list for PBXNativeTarget "VoteMePracticeTests" */;
			buildPhases = (
				9241598717631AE7007DF36D /* Sources */,
				9241598817631AE7007DF36D /* Frameworks */,
				9241598917631AE7007DF36D /* Resources */,
				9241598A17631AE7007DF36D /* ShellScript */,
			);
			buildRules = (
			);
			dependencies = (
				9241599217631AE7007DF36D /* PBXTargetDependency */,
			);
			name = VoteMePracticeTests;
			productName = VoteMePracticeTests;
			productReference = 9241598C17631AE7007DF36D /* VoteMePracticeTests.octest */;
			productType = "com.apple.product-type.bundle";
		};
/* End PBXNativeTarget section */

/* Begin PBXProject section */
		9241595E17631AE6007DF36D /* Project object */ = {
			isa = PBXProject;
			attributes = {
				LastUpgradeCheck = 0460;
				ORGANIZATIONNAME = "Zachary Waleed Saraf";
			};
			buildConfigurationList = 9241596117631AE6007DF36D /* Build configuration list for PBXProject "VoteMePractice" */;
			compatibilityVersion = "Xcode 3.2";
			developmentRegion = English;
			hasScannedForEncodings = 0;
			knownRegions = (
				en,
			);
			mainGroup = 9241595D17631AE6007DF36D;
			productRefGroup = 9241596717631AE6007DF36D /* Products */;
			projectDirPath = "";
			projectRoot = "";
			targets = (
				9241596517631AE6007DF36D /* VoteMePractice */,
				9241598B17631AE7007DF36D /* VoteMePracticeTests */,
			);
		};
/* End PBXProject section */

/* Begin PBXResourcesBuildPhase section */
		9241596417631AE6007DF36D /* Resources */ = {
			isa = PBXResourcesBuildPhase;
			buildActionMask = 2147483647;
			files = (
				9241597417631AE6007DF36D /* InfoPlist.strings in Resources */,
				9241597C17631AE6007DF36D /* Default.png in Resources */,
				9241597E17631AE6007DF36D /* Default@2x.png in Resources */,
				9241598017631AE6007DF36D /* Default-568h@2x.png in Resources */,
				9241598317631AE6007DF36D /* MainStoryboard.storyboard in Resources */,
			);
			runOnlyForDeploymentPostprocessing = 0;
		};
		9241598917631AE7007DF36D /* Resources */ = {
			isa = PBXResourcesBuildPhase;
			buildActionMask = 2147483647;
			files = (
				9241599817631AE7007DF36D /* InfoPlist.strings in Resources */,
			);
			runOnlyForDeploymentPostprocessing = 0;
		};
/* End PBXResourcesBuildPhase section */

/* Begin PBXShellScriptBuildPhase section */
		9241598A17631AE7007DF36D /* ShellScript */ = {
			isa = PBXShellScriptBuildPhase;
			buildActionMask = 2147483647;
			files = (
			);
			inputPaths = (
			);
			outputPaths = (
			);
			runOnlyForDeploymentPostprocessing = 0;
			shellPath = /bin/sh;
			shellScript = "# Run the unit tests in this test bundle.\n\"${SYSTEM_DEVELOPER_DIR}/Tools/RunUnitTests\"\n";
		};
/* End PBXShellScriptBuildPhase section */

/* Begin PBXSourcesBuildPhase section */
		9241596217631AE6007DF36D /* Sources */ = {
			isa = PBXSourcesBuildPhase;
			buildActionMask = 2147483647;
			files = (
				9241597617631AE6007DF36D /* main.m in Sources */,
				9241597A17631AE6007DF36D /* AppDelegate.m in Sources */,
				9241598617631AE6007DF36D /* ViewController.m in Sources */,
				924159A617631B33007DF36D /* MainTableViewController.m in Sources */,
				924159A917631C2F007DF36D /* MainTableViewCell.m in Sources */,
				92DF338A1775677800FBB848 /* ResponseUIView.m in Sources */,
				9291DDD11776B88B000DFE3B /* MainTableViewHeaderView.m in Sources */,
			);
			runOnlyForDeploymentPostprocessing = 0;
		};
		9241598717631AE7007DF36D /* Sources */ = {
			isa = PBXSourcesBuildPhase;
			buildActionMask = 2147483647;
			files = (
				9241599B17631AE7007DF36D /* VoteMePracticeTests.m in Sources */,
			);
			runOnlyForDeploymentPostprocessing = 0;
		};
/* End PBXSourcesBuildPhase section */

/* Begin PBXTargetDependency section */
		9241599217631AE7007DF36D /* PBXTargetDependency */ = {
			isa = PBXTargetDependency;
			target = 9241596517631AE6007DF36D /* VoteMePractice */;
			targetProxy = 9241599117631AE7007DF36D /* PBXContainerItemProxy */;
		};
/* End PBXTargetDependency section */

/* Begin PBXVariantGroup section */
		9241597217631AE6007DF36D /* InfoPlist.strings */ = {
			isa = PBXVariantGroup;
			children = (
				9241597317631AE6007DF36D /* en */,
			);
			name = InfoPlist.strings;
			sourceTree = "<group>";
		};
		9241598117631AE6007DF36D /* MainStoryboard.storyboard */ = {
			isa = PBXVariantGroup;
			children = (
				9241598217631AE6007DF36D /* en */,
			);
			name = MainStoryboard.storyboard;
			sourceTree = "<group>";
		};
		9241599617631AE7007DF36D /* InfoPlist.strings */ = {
			isa = PBXVariantGroup;
			children = (
				9241599717631AE7007DF36D /* en */,
			);
			name = InfoPlist.strings;
			sourceTree = "<group>";
		};
/* End PBXVariantGroup section */

/* Begin XCBuildConfiguration section */
		9241599C17631AE7007DF36D /* Debug */ = {
			isa = XCBuildConfiguration;
			buildSettings = {
				ALWAYS_SEARCH_USER_PATHS = NO;
				CLANG_CXX_LANGUAGE_STANDARD = "gnu++0x";
				CLANG_CXX_LIBRARY = "libc++";
				CLANG_ENABLE_OBJC_ARC = YES;
				CLANG_WARN_CONSTANT_CONVERSION = YES;
				CLANG_WARN_EMPTY_BODY = YES;
				CLANG_WARN_ENUM_CONVERSION = YES;
				CLANG_WARN_INT_CONVERSION = YES;
				CLANG_WARN__DUPLICATE_METHOD_MATCH = YES;
				"CODE_SIGN_IDENTITY[sdk=iphoneos*]" = "iPhone Developer";
				COPY_PHASE_STRIP = NO;
				GCC_C_LANGUAGE_STANDARD = gnu99;
				GCC_DYNAMIC_NO_PIC = NO;
				GCC_OPTIMIZATION_LEVEL = 0;
				GCC_PREPROCESSOR_DEFINITIONS = (
					"DEBUG=1",
					"$(inherited)",
				);
				GCC_SYMBOLS_PRIVATE_EXTERN = NO;
				GCC_WARN_ABOUT_RETURN_TYPE = YES;
				GCC_WARN_UNINITIALIZED_AUTOS = YES;
				GCC_WARN_UNUSED_VARIABLE = YES;
				IPHONEOS_DEPLOYMENT_TARGET = 6.1;
				ONLY_ACTIVE_ARCH = YES;
				SDKROOT = iphoneos;
			};
			name = Debug;
		};
		9241599D17631AE7007DF36D /* Release */ = {
			isa = XCBuildConfiguration;
			buildSettings = {
				ALWAYS_SEARCH_USER_PATHS = NO;
				CLANG_CXX_LANGUAGE_STANDARD = "gnu++0x";
				CLANG_CXX_LIBRARY = "libc++";
				CLANG_ENABLE_OBJC_ARC = YES;
				CLANG_WARN_CONSTANT_CONVERSION = YES;
				CLANG_WARN_EMPTY_BODY = YES;
				CLANG_WARN_ENUM_CONVERSION = YES;
				CLANG_WARN_INT_CONVERSION = YES;
				CLANG_WARN__DUPLICATE_METHOD_MATCH = YES;
				"CODE_SIGN_IDENTITY[sdk=iphoneos*]" = "iPhone Developer";
				COPY_PHASE_STRIP = YES;
				GCC_C_LANGUAGE_STANDARD = gnu99;
				GCC_WARN_ABOUT_RETURN_TYPE = YES;
				GCC_WARN_UNINITIALIZED_AUTOS = YES;
				GCC_WARN_UNUSED_VARIABLE = YES;
				IPHONEOS_DEPLOYMENT_TARGET = 6.1;
				OTHER_CFLAGS = "-DNS_BLOCK_ASSERTIONS=1";
				SDKROOT = iphoneos;
				VALIDATE_PRODUCT = YES;
			};
			name = Release;
		};
		9241599F17631AE7007DF36D /* Debug */ = {
			isa = XCBuildConfiguration;
			buildSettings = {
				FRAMEWORK_SEARCH_PATHS = (
					"$(inherited)",
					"\"$(SRCROOT)\"",
				);
				GCC_PRECOMPILE_PREFIX_HEADER = YES;
				GCC_PREFIX_HEADER = "VoteMePractice/VoteMePractice-Prefix.pch";
				INFOPLIST_FILE = "VoteMePractice/VoteMePractice-Info.plist";
				PRODUCT_NAME = "$(TARGET_NAME)";
				WRAPPER_EXTENSION = app;
			};
			name = Debug;
		};
		924159A017631AE7007DF36D /* Release */ = {
			isa = XCBuildConfiguration;
			buildSettings = {
				FRAMEWORK_SEARCH_PATHS = (
					"$(inherited)",
					"\"$(SRCROOT)\"",
				);
				GCC_PRECOMPILE_PREFIX_HEADER = YES;
				GCC_PREFIX_HEADER = "VoteMePractice/VoteMePractice-Prefix.pch";
				INFOPLIST_FILE = "VoteMePractice/VoteMePractice-Info.plist";
				PRODUCT_NAME = "$(TARGET_NAME)";
				WRAPPER_EXTENSION = app;
			};
			name = Release;
		};
		924159A217631AE7007DF36D /* Debug */ = {
			isa = XCBuildConfiguration;
			buildSettings = {
				BUNDLE_LOADER = "$(BUILT_PRODUCTS_DIR)/VoteMePractice.app/VoteMePractice";
				FRAMEWORK_SEARCH_PATHS = (
					"\"$(SDKROOT)/Developer/Library/Frameworks\"",
					"\"$(DEVELOPER_LIBRARY_DIR)/Frameworks\"",
				);
				GCC_PRECOMPILE_PREFIX_HEADER = YES;
				GCC_PREFIX_HEADER = "VoteMePractice/VoteMePractice-Prefix.pch";
				INFOPLIST_FILE = "VoteMePracticeTests/VoteMePracticeTests-Info.plist";
				PRODUCT_NAME = "$(TARGET_NAME)";
				TEST_HOST = "$(BUNDLE_LOADER)";
				WRAPPER_EXTENSION = octest;
			};
			name = Debug;
		};
		924159A317631AE7007DF36D /* Release */ = {
			isa = XCBuildConfiguration;
			buildSettings = {
				BUNDLE_LOADER = "$(BUILT_PRODUCTS_DIR)/VoteMePractice.app/VoteMePractice";
				FRAMEWORK_SEARCH_PATHS = (
					"\"$(SDKROOT)/Developer/Library/Frameworks\"",
					"\"$(DEVELOPER_LIBRARY_DIR)/Frameworks\"",
				);
				GCC_PRECOMPILE_PREFIX_HEADER = YES;
				GCC_PREFIX_HEADER = "VoteMePractice/VoteMePractice-Prefix.pch";
				INFOPLIST_FILE = "VoteMePracticeTests/VoteMePracticeTests-Info.plist";
				PRODUCT_NAME = "$(TARGET_NAME)";
				TEST_HOST = "$(BUNDLE_LOADER)";
				WRAPPER_EXTENSION = octest;
			};
			name = Release;
		};
/* End XCBuildConfiguration section */

/* Begin XCConfigurationList section */
		9241596117631AE6007DF36D /* Build configuration list for PBXProject "VoteMePractice" */ = {
			isa = XCConfigurationList;
			buildConfigurations = (
				9241599C17631AE7007DF36D /* Debug */,
				9241599D17631AE7007DF36D /* Release */,
			);
			defaultConfigurationIsVisible = 0;
			defaultConfigurationName = Release;
		};
		9241599E17631AE7007DF36D /* Build configuration list for PBXNativeTarget "VoteMePractice" */ = {
			isa = XCConfigurationList;
			buildConfigurations = (
				9241599F17631AE7007DF36D /* Debug */,
				924159A017631AE7007DF36D /* Release */,
			);
			defaultConfigurationIsVisible = 0;
			defaultConfigurationName = Release;
		};
		924159A117631AE7007DF36D /* Build configuration list for PBXNativeTarget "VoteMePracticeTests" */ = {
			isa = XCConfigurationList;
			buildConfigurations = (
				924159A217631AE7007DF36D /* Debug */,
				924159A317631AE7007DF36D /* Release */,
			);
			defaultConfigurationIsVisible = 0;
			defaultConfigurationName = Release;
		};
/* End XCConfigurationList section */
	};
	rootObject = 9241595E17631AE6007DF36D /* Project object */;
}
